
Microsoft Visual Studio Solution File, Format Version 12.00
Project("{FAE04EC0-301F-11D3-BF4B-00C04F79EFBC}") = "WebApplication1", "WebApplication1\WebApplication1.csproj", "{6C5829C0-8F31-4254-AFA9-CE4D49D5927D}"
EndProject
Global
	GlobalSection(SolutionConfigurationPlatforms) = preSolution
		Debug|Any CPU = Debug|Any CPU
		Release|Any CPU = Release|Any CPU
	EndGlobalSection
	GlobalSection(ProjectConfigurationPlatforms) = postSolution
		{6C5829C0-8F31-4254-AFA9-CE4D49D5927D}.Debug|Any CPU.ActiveCfg = Debug|Any CPU
		{6C5829C0-8F31-4254-AFA9-CE4D49D5927D}.Debug|Any CPU.Build.0 = Debug|Any CPU
		{6C5829C0-8F31-4254-AFA9-CE4D49D5927D}.Release|Any CPU.ActiveCfg = Release|Any CPU
		{6C5829C0-8F31-4254-AFA9-CE4D49D5927D}.Release|Any CPU.Build.0 = Release|Any CPU
	EndGlobalSection
EndGlobal
